
Microsoft Visual Studio Solution File, Format Version 12.00
# Visual Studio Version 16
VisualStudioVersion = 16.0.29519.181
MinimumVisualStudioVersion = 10.0.40219.1
Project("{9A19103F-16F7-4668-BE54-9A1E7A4F7556}") = "SoftwareCompany.Service", "SoftwareCompany.Service\SoftwareCompany.Service.csproj", "{B9327E43-241E-46BB-8428-BF80719B5E18}"
EndProject
Project("{2150E333-8FDC-42A3-9474-1A3956D46DE8}") = "BLL", "BLL", "{BE1CDD62-45AF-4B2A-86DF-52526EAC735C}"
EndProject
Project("{2150E333-8FDC-42A3-9474-1A3956D46DE8}") = "DAL", "DAL", "{1B62AD65-615E-4F35-B722-FA15BFB7AAE2}"
EndProject
Project("{2150E333-8FDC-42A3-9474-1A3956D46DE8}") = "Core", "Core", "{5AD34E34-C6CD-4DC7-B9C6-37A81B8FC271}"
EndProject
Project("{2150E333-8FDC-42A3-9474-1A3956D46DE8}") = "Tests", "Tests", "{3E34FE07-926F-4F85-93FB-AB64B367182B}"
EndProject
Project("{9A19103F-16F7-4668-BE54-9A1E7A4F7556}") = "SoftwareCompany.BLL.Core", "SoftwareCompany.BLL.Core\SoftwareCompany.BLL.Core.csproj", "{02FC6CF6-D78E-47F8-9279-EECCEB061A3C}"
EndProject
Project("{9A19103F-16F7-4668-BE54-9A1E7A4F7556}") = "SoftwareCompany.BLL.Activities", "SoftwareCompany.BLL.Activities\SoftwareCompany.BLL.Activities.csproj", "{6F1FCF13-4175-42FB-9471-6278F1F39AD9}"
EndProject
Project("{9A19103F-16F7-4668-BE54-9A1E7A4F7556}") = "SoftwareCompany.BLL.DomainEvents", "SoftwareCompany.BLL.DomainEvents\SoftwareCompany.BLL.DomainEvents.csproj", "{F2C989F0-4BFD-45B6-9A90-4C44DE785115}"
EndProject
Project("{9A19103F-16F7-4668-BE54-9A1E7A4F7556}") = "SoftwareCompany.BLL.Rules", "SoftwareCompany.BLL.Rules\SoftwareCompany.BLL.Rules.csproj", "{093A40E6-92CC-469F-9C25-24B9343AA2DF}"
EndProject
Project("{9A19103F-16F7-4668-BE54-9A1E7A4F7556}") = "SoftwareCompany.BLL.Tests", "SoftwareCompany.BLL.Tests\SoftwareCompany.BLL.Tests.csproj", "{1A5CFF39-290C-4463-85AC-C152F17108D1}"
EndProject
Project("{9A19103F-16F7-4668-BE54-9A1E7A4F7556}") = "SoftwareCompany.Core", "SoftwareCompany.Core\SoftwareCompany.Core.csproj", "{1EFC7B0F-7CC6-4CE8-9DDD-4EAFACB89A4F}"
EndProject
Project("{9A19103F-16F7-4668-BE54-9A1E7A4F7556}") = "SoftwareCompany.Core.Tests", "SoftwareCompany.Core.Tests\SoftwareCompany.Core.Tests.csproj", "{1791D80A-2552-4A0F-8CEF-C61C581A5F1F}"
EndProject
Project("{9A19103F-16F7-4668-BE54-9A1E7A4F7556}") = "SoftwareCompany.DAL.Core", "SoftwareCompany.DAL.Core\SoftwareCompany.DAL.Core.csproj", "{FD02E493-5968-4843-9E85-104638339EFE}"
EndProject
Project("{9A19103F-16F7-4668-BE54-9A1E7A4F7556}") = "SoftwareCompany.DAL.Tests", "SoftwareCompany.DAL.Tests\SoftwareCompany.DAL.Tests.csproj", "{FA7158E0-6825-4442-8459-A1A10BD604FA}"
EndProject
Project("{9A19103F-16F7-4668-BE54-9A1E7A4F7556}") = "SoftwareCompany.DAL.Common", "SoftwareCompany.DAL.Common\SoftwareCompany.DAL.Common.csproj", "{8BC3F283-AE72-4A5C-8E06-48A1B356878D}"
EndProject
Project("{FAE04EC0-301F-11D3-BF4B-00C04F79EFBC}") = "SoftwareCompany.Service.Tests", "SoftwareCompany.Service.Tests\SoftwareCompany.Service.Tests.csproj", "{2182F875-FBE8-44AE-AD81-D863581E7506}"
EndProject
Global
	GlobalSection(SolutionConfigurationPlatforms) = preSolution
		Debug|Any CPU = Debug|Any CPU
		Release|Any CPU = Release|Any CPU
	EndGlobalSection
	GlobalSection(ProjectConfigurationPlatforms) = postSolution
		{B9327E43-241E-46BB-8428-BF80719B5E18}.Debug|Any CPU.ActiveCfg = Debug|Any CPU
		{B9327E43-241E-46BB-8428-BF80719B5E18}.Debug|Any CPU.Build.0 = Debug|Any CPU
		{B9327E43-241E-46BB-8428-BF80719B5E18}.Release|Any CPU.ActiveCfg = Release|Any CPU
		{B9327E43-241E-46BB-8428-BF80719B5E18}.Release|Any CPU.Build.0 = Release|Any CPU
		{02FC6CF6-D78E-47F8-9279-EECCEB061A3C}.Debug|Any CPU.ActiveCfg = Debug|Any CPU
		{02FC6CF6-D78E-47F8-9279-EECCEB061A3C}.Debug|Any CPU.Build.0 = Debug|Any CPU
		{02FC6CF6-D78E-47F8-9279-EECCEB061A3C}.Release|Any CPU.ActiveCfg = Release|Any CPU
		{02FC6CF6-D78E-47F8-9279-EECCEB061A3C}.Release|Any CPU.Build.0 = Release|Any CPU
		{6F1FCF13-4175-42FB-9471-6278F1F39AD9}.Debug|Any CPU.ActiveCfg = Debug|Any CPU
		{6F1FCF13-4175-42FB-9471-6278F1F39AD9}.Debug|Any CPU.Build.0 = Debug|Any CPU
		{6F1FCF13-4175-42FB-9471-6278F1F39AD9}.Release|Any CPU.ActiveCfg = Release|Any CPU
		{6F1FCF13-4175-42FB-9471-6278F1F39AD9}.Release|Any CPU.Build.0 = Release|Any CPU
		{F2C989F0-4BFD-45B6-9A90-4C44DE785115}.Debug|Any CPU.ActiveCfg = Debug|Any CPU
		{F2C989F0-4BFD-45B6-9A90-4C44DE785115}.Debug|Any CPU.Build.0 = Debug|Any CPU
		{F2C989F0-4BFD-45B6-9A90-4C44DE785115}.Release|Any CPU.ActiveCfg = Release|Any CPU
		{F2C989F0-4BFD-45B6-9A90-4C44DE785115}.Release|Any CPU.Build.0 = Release|Any CPU
		{093A40E6-92CC-469F-9C25-24B9343AA2DF}.Debug|Any CPU.ActiveCfg = Debug|Any CPU
		{093A40E6-92CC-469F-9C25-24B9343AA2DF}.Debug|Any CPU.Build.0 = Debug|Any CPU
		{093A40E6-92CC-469F-9C25-24B9343AA2DF}.Release|Any CPU.ActiveCfg = Release|Any CPU
		{093A40E6-92CC-469F-9C25-24B9343AA2DF}.Release|Any CPU.Build.0 = Release|Any CPU
		{1A5CFF39-290C-4463-85AC-C152F17108D1}.Debug|Any CPU.ActiveCfg = Debug|Any CPU
		{1A5CFF39-290C-4463-85AC-C152F17108D1}.Debug|Any CPU.Build.0 = Debug|Any CPU
		{1A5CFF39-290C-4463-85AC-C152F17108D1}.Release|Any CPU.ActiveCfg = Release|Any CPU
		{1A5CFF39-290C-4463-85AC-C152F17108D1}.Release|Any CPU.Build.0 = Release|Any CPU
		{1EFC7B0F-7CC6-4CE8-9DDD-4EAFACB89A4F}.Debug|Any CPU.ActiveCfg = Debug|Any CPU
		{1EFC7B0F-7CC6-4CE8-9DDD-4EAFACB89A4F}.Debug|Any CPU.Build.0 = Debug|Any CPU
		{1EFC7B0F-7CC6-4CE8-9DDD-4EAFACB89A4F}.Release|Any CPU.ActiveCfg = Release|Any CPU
		{1EFC7B0F-7CC6-4CE8-9DDD-4EAFACB89A4F}.Release|Any CPU.Build.0 = Release|Any CPU
		{1791D80A-2552-4A0F-8CEF-C61C581A5F1F}.Debug|Any CPU.ActiveCfg = Debug|Any CPU
		{1791D80A-2552-4A0F-8CEF-C61C581A5F1F}.Debug|Any CPU.Build.0 = Debug|Any CPU
		{1791D80A-2552-4A0F-8CEF-C61C581A5F1F}.Release|Any CPU.ActiveCfg = Release|Any CPU
		{1791D80A-2552-4A0F-8CEF-C61C581A5F1F}.Release|Any CPU.Build.0 = Release|Any CPU
		{FD02E493-5968-4843-9E85-104638339EFE}.Debug|Any CPU.ActiveCfg = Debug|Any CPU
		{FD02E493-5968-4843-9E85-104638339EFE}.Debug|Any CPU.Build.0 = Debug|Any CPU
		{FD02E493-5968-4843-9E85-104638339EFE}.Release|Any CPU.ActiveCfg = Release|Any CPU
		{FD02E493-5968-4843-9E85-104638339EFE}.Release|Any CPU.Build.0 = Release|Any CPU
		{FA7158E0-6825-4442-8459-A1A10BD604FA}.Debug|Any CPU.ActiveCfg = Debug|Any CPU
		{FA7158E0-6825-4442-8459-A1A10BD604FA}.Debug|Any CPU.Build.0 = Debug|Any CPU
		{FA7158E0-6825-4442-8459-A1A10BD604FA}.Release|Any CPU.ActiveCfg = Release|Any CPU
		{FA7158E0-6825-4442-8459-A1A10BD604FA}.Release|Any CPU.Build.0 = Release|Any CPU
		{8BC3F283-AE72-4A5C-8E06-48A1B356878D}.Debug|Any CPU.ActiveCfg = Debug|Any CPU
		{8BC3F283-AE72-4A5C-8E06-48A1B356878D}.Debug|Any CPU.Build.0 = Debug|Any CPU
		{8BC3F283-AE72-4A5C-8E06-48A1B356878D}.Release|Any CPU.ActiveCfg = Release|Any CPU
		{8BC3F283-AE72-4A5C-8E06-48A1B356878D}.Release|Any CPU.Build.0 = Release|Any CPU
		{2182F875-FBE8-44AE-AD81-D863581E7506}.Debug|Any CPU.ActiveCfg = Debug|Any CPU
		{2182F875-FBE8-44AE-AD81-D863581E7506}.Debug|Any CPU.Build.0 = Debug|Any CPU
		{2182F875-FBE8-44AE-AD81-D863581E7506}.Release|Any CPU.ActiveCfg = Release|Any CPU
		{2182F875-FBE8-44AE-AD81-D863581E7506}.Release|Any CPU.Build.0 = Release|Any CPU
	EndGlobalSection
	GlobalSection(SolutionProperties) = preSolution
		HideSolutionNode = FALSE
	EndGlobalSection
	GlobalSection(NestedProjects) = preSolution
		{02FC6CF6-D78E-47F8-9279-EECCEB061A3C} = {BE1CDD62-45AF-4B2A-86DF-52526EAC735C}
		{6F1FCF13-4175-42FB-9471-6278F1F39AD9} = {BE1CDD62-45AF-4B2A-86DF-52526EAC735C}
		{F2C989F0-4BFD-45B6-9A90-4C44DE785115} = {BE1CDD62-45AF-4B2A-86DF-52526EAC735C}
		{093A40E6-92CC-469F-9C25-24B9343AA2DF} = {BE1CDD62-45AF-4B2A-86DF-52526EAC735C}
		{1A5CFF39-290C-4463-85AC-C152F17108D1} = {3E34FE07-926F-4F85-93FB-AB64B367182B}
		{1EFC7B0F-7CC6-4CE8-9DDD-4EAFACB89A4F} = {5AD34E34-C6CD-4DC7-B9C6-37A81B8FC271}
		{1791D80A-2552-4A0F-8CEF-C61C581A5F1F} = {3E34FE07-926F-4F85-93FB-AB64B367182B}
		{FD02E493-5968-4843-9E85-104638339EFE} = {1B62AD65-615E-4F35-B722-FA15BFB7AAE2}
		{FA7158E0-6825-4442-8459-A1A10BD604FA} = {3E34FE07-926F-4F85-93FB-AB64B367182B}
		{8BC3F283-AE72-4A5C-8E06-48A1B356878D} = {1B62AD65-615E-4F35-B722-FA15BFB7AAE2}
		{2182F875-FBE8-44AE-AD81-D863581E7506} = {3E34FE07-926F-4F85-93FB-AB64B367182B}
	EndGlobalSection
	GlobalSection(ExtensibilityGlobals) = postSolution
		SolutionGuid = {455A9957-1F10-43AB-8D7E-631E4A663CC4}
	EndGlobalSection
EndGlobal
